
Microsoft Visual Studio Solution File, Format Version 12.00
# Visual Studio 2012
Project("{FAE04EC0-301F-11D3-BF4B-00C04F79EFBC}") = "Render2Image", "Render2Image.csproj", "{3A13664C-BF6C-4EA8-882F-FF3402337C2F}"
EndProject
Global
	GlobalSection(SolutionConfigurationPlatforms) = preSolution
		Debug|Any CPU = Debug|Any CPU
		Release|Any CPU = Release|Any CPU
	EndGlobalSection
	GlobalSection(ProjectConfigurationPlatforms) = postSolution
		{3A13664C-BF6C-4EA8-882F-FF3402337C2F}.Debug|Any CPU.ActiveCfg = Debug|Any CPU
		{3A13664C-BF6C-4EA8-882F-FF3402337C2F}.Debug|Any CPU.Build.0 = Debug|Any CPU
		{3A13664C-BF6C-4EA8-882F-FF3402337C2F}.Release|Any CPU.ActiveCfg = Release|Any CPU
		{3A13664C-BF6C-4EA8-882F-FF3402337C2F}.Release|Any CPU.Build.0 = Release|Any CPU
	EndGlobalSection
	GlobalSection(SolutionProperties) = preSolution
		HideSolutionNode = FALSE
	EndGlobalSection
EndGlobal
